
Microsoft Visual Studio Solution File, Format Version 12.00
# Visual Studio 15
VisualStudioVersion = 15.0.28307.489
MinimumVisualStudioVersion = 10.0.40219.1
Project("{FAE04EC0-301F-11D3-BF4B-00C04F79EFBC}") = "SplendorServer", "SplendorServer\SplendorServer.csproj", "{3021F21C-C3C8-451E-80B9-A33BE25CAC56}"
EndProject
Project("{FAE04EC0-301F-11D3-BF4B-00C04F79EFBC}") = "PakcetDefine", "PakcetDefine\PakcetDefine.csproj", "{9F98F020-2C4F-4EC2-8232-D7CF1AE29BB2}"
EndProject
Project("{FAE04EC0-301F-11D3-BF4B-00C04F79EFBC}") = "GameClassDefine", "GameClassDefine\GameClassDefine.csproj", "{2C00B710-EDBA-4AAF-91A0-312B54ACD420}"
EndProject
Global
	GlobalSection(SolutionConfigurationPlatforms) = preSolution
		Debug|Any CPU = Debug|Any CPU
		Release|Any CPU = Release|Any CPU
	EndGlobalSection
	GlobalSection(ProjectConfigurationPlatforms) = postSolution
		{3021F21C-C3C8-451E-80B9-A33BE25CAC56}.Debug|Any CPU.ActiveCfg = Debug|Any CPU
		{3021F21C-C3C8-451E-80B9-A33BE25CAC56}.Debug|Any CPU.Build.0 = Debug|Any CPU
		{3021F21C-C3C8-451E-80B9-A33BE25CAC56}.Release|Any CPU.ActiveCfg = Release|Any CPU
		{3021F21C-C3C8-451E-80B9-A33BE25CAC56}.Release|Any CPU.Build.0 = Release|Any CPU
		{9F98F020-2C4F-4EC2-8232-D7CF1AE29BB2}.Debug|Any CPU.ActiveCfg = Debug|Any CPU
		{9F98F020-2C4F-4EC2-8232-D7CF1AE29BB2}.Debug|Any CPU.Build.0 = Debug|Any CPU
		{9F98F020-2C4F-4EC2-8232-D7CF1AE29BB2}.Release|Any CPU.ActiveCfg = Release|Any CPU
		{9F98F020-2C4F-4EC2-8232-D7CF1AE29BB2}.Release|Any CPU.Build.0 = Release|Any CPU
		{2C00B710-EDBA-4AAF-91A0-312B54ACD420}.Debug|Any CPU.ActiveCfg = Debug|Any CPU
		{2C00B710-EDBA-4AAF-91A0-312B54ACD420}.Debug|Any CPU.Build.0 = Debug|Any CPU
		{2C00B710-EDBA-4AAF-91A0-312B54ACD420}.Release|Any CPU.ActiveCfg = Release|Any CPU
		{2C00B710-EDBA-4AAF-91A0-312B54ACD420}.Release|Any CPU.Build.0 = Release|Any CPU
	EndGlobalSection
	GlobalSection(SolutionProperties) = preSolution
		HideSolutionNode = FALSE
	EndGlobalSection
	GlobalSection(ExtensibilityGlobals) = postSolution
		SolutionGuid = {9F8A58E4-E0E3-439C-88F7-516F7CBB73BF}
	EndGlobalSection
EndGlobal
